
Microsoft Visual Studio Solution File, Format Version 12.00
# Visual Studio Version 17
VisualStudioVersion = 17.4.33205.214
MinimumVisualStudioVersion = 10.0.40219.1
Project("{9A19103F-16F7-4668-BE54-9A1E7A4F7556}") = "Asset-Management.Web", "Asset-Management.Web\Asset-Management.Web.csproj", "{B55CF153-EEBC-4451-9202-F989EB5B36EE}"
EndProject
Project("{9A19103F-16F7-4668-BE54-9A1E7A4F7556}") = "Asset-Management.Repository", "Asset-Management.Repository\Asset-Management.Repository.csproj", "{305720B8-813F-48AF-875D-FB187FFBE34E}"
EndProject
Project("{9A19103F-16F7-4668-BE54-9A1E7A4F7556}") = "Asset-Management.Service", "Asset-Management.Service\Asset-Management.Service.csproj", "{7A233134-BC69-41C1-84C2-67F8199808F4}"
EndProject
Project("{9A19103F-16F7-4668-BE54-9A1E7A4F7556}") = "Asset-Management.ViewModel", "Asset-Management.ViewModel\Asset-Management.ViewModel.csproj", "{093552BB-EAFF-4CD1-824F-4065FBDEECE6}"
EndProject
Global
	GlobalSection(SolutionConfigurationPlatforms) = preSolution
		Debug|Any CPU = Debug|Any CPU
		Release|Any CPU = Release|Any CPU
	EndGlobalSection
	GlobalSection(ProjectConfigurationPlatforms) = postSolution
		{B55CF153-EEBC-4451-9202-F989EB5B36EE}.Debug|Any CPU.ActiveCfg = Debug|Any CPU
		{B55CF153-EEBC-4451-9202-F989EB5B36EE}.Debug|Any CPU.Build.0 = Debug|Any CPU
		{B55CF153-EEBC-4451-9202-F989EB5B36EE}.Release|Any CPU.ActiveCfg = Release|Any CPU
		{B55CF153-EEBC-4451-9202-F989EB5B36EE}.Release|Any CPU.Build.0 = Release|Any CPU
		{305720B8-813F-48AF-875D-FB187FFBE34E}.Debug|Any CPU.ActiveCfg = Debug|Any CPU
		{305720B8-813F-48AF-875D-FB187FFBE34E}.Debug|Any CPU.Build.0 = Debug|Any CPU
		{305720B8-813F-48AF-875D-FB187FFBE34E}.Release|Any CPU.ActiveCfg = Release|Any CPU
		{305720B8-813F-48AF-875D-FB187FFBE34E}.Release|Any CPU.Build.0 = Release|Any CPU
		{7A233134-BC69-41C1-84C2-67F8199808F4}.Debug|Any CPU.ActiveCfg = Debug|Any CPU
		{7A233134-BC69-41C1-84C2-67F8199808F4}.Debug|Any CPU.Build.0 = Debug|Any CPU
		{7A233134-BC69-41C1-84C2-67F8199808F4}.Release|Any CPU.ActiveCfg = Release|Any CPU
		{7A233134-BC69-41C1-84C2-67F8199808F4}.Release|Any CPU.Build.0 = Release|Any CPU
		{093552BB-EAFF-4CD1-824F-4065FBDEECE6}.Debug|Any CPU.ActiveCfg = Debug|Any CPU
		{093552BB-EAFF-4CD1-824F-4065FBDEECE6}.Debug|Any CPU.Build.0 = Debug|Any CPU
		{093552BB-EAFF-4CD1-824F-4065FBDEECE6}.Release|Any CPU.ActiveCfg = Release|Any CPU
		{093552BB-EAFF-4CD1-824F-4065FBDEECE6}.Release|Any CPU.Build.0 = Release|Any CPU
	EndGlobalSection
	GlobalSection(SolutionProperties) = preSolution
		HideSolutionNode = FALSE
	EndGlobalSection
	GlobalSection(ExtensibilityGlobals) = postSolution
		SolutionGuid = {F09558B9-76F0-45E0-BA6D-64684F1A7A87}
	EndGlobalSection
EndGlobal
